// !$*UTF8*$!
{
	archiveVersion = 1;
	classes = {
	};
	objectVersion = 50;
	objects = {

/* Begin PBXBuildFile section */
		2D7C7E9621EABBD9000625D0 /* AppDelegate.swift in Sources */ = {isa = PBXBuildFile; fileRef = 2D7C7E9521EABBD9000625D0 /* AppDelegate.swift */; };
		2D7C7E9821EABBD9000625D0 /* GameScene.sks in Resources */ = {isa = PBXBuildFile; fileRef = 2D7C7E9721EABBD9000625D0 /* GameScene.sks */; };
		2D7C7E9A21EABBD9000625D0 /* Actions.sks in Resources */ = {isa = PBXBuildFile; fileRef = 2D7C7E9921EABBD9000625D0 /* Actions.sks */; };
		2D7C7E9C21EABBD9000625D0 /* GameScene.swift in Sources */ = {isa = PBXBuildFile; fileRef = 2D7C7E9B21EABBD9000625D0 /* GameScene.swift */; };
		2D7C7E9E21EABBD9000625D0 /* GameViewController.swift in Sources */ = {isa = PBXBuildFile; fileRef = 2D7C7E9D21EABBD9000625D0 /* GameViewController.swift */; };
		2D7C7EA121EABBD9000625D0 /* Main.storyboard in Resources */ = {isa = PBXBuildFile; fileRef = 2D7C7E9F21EABBD9000625D0 /* Main.storyboard */; };
		2D7C7EA321EABBDA000625D0 /* Assets.xcassets in Resources */ = {isa = PBXBuildFile; fileRef = 2D7C7EA221EABBDA000625D0 /* Assets.xcassets */; };
		2D7C7EA621EABBDA000625D0 /* LaunchScreen.storyboard in Resources */ = {isa = PBXBuildFile; fileRef = 2D7C7EA421EABBDA000625D0 /* LaunchScreen.storyboard */; };
		2D7C7EB121EABBDA000625D0 /* FungusToastTests.swift in Sources */ = {isa = PBXBuildFile; fileRef = 2D7C7EB021EABBDA000625D0 /* FungusToastTests.swift */; };
		2D7C7EBC21EABBDA000625D0 /* FungusToastUITests.swift in Sources */ = {isa = PBXBuildFile; fileRef = 2D7C7EBB21EABBDA000625D0 /* FungusToastUITests.swift */; };
/* End PBXBuildFile section */

/* Begin PBXContainerItemProxy section */
		2D7C7EAD21EABBDA000625D0 /* PBXContainerItemProxy */ = {
			isa = PBXContainerItemProxy;
			containerPortal = 2D7C7E8A21EABBD9000625D0 /* Project object */;
			proxyType = 1;
			remoteGlobalIDString = 2D7C7E9121EABBD9000625D0;
			remoteInfo = FungusToast;
		};
		2D7C7EB821EABBDA000625D0 /* PBXContainerItemProxy */ = {
			isa = PBXContainerItemProxy;
			containerPortal = 2D7C7E8A21EABBD9000625D0 /* Project object */;
			proxyType = 1;
			remoteGlobalIDString = 2D7C7E9121EABBD9000625D0;
			remoteInfo = FungusToast;
		};
/* End PBXContainerItemProxy section */

/* Begin PBXFileReference section */
		2D7C7E9221EABBD9000625D0 /* FungusToast.app */ = {isa = PBXFileReference; explicitFileType = wrapper.application; includeInIndex = 0; path = FungusToast.app; sourceTree = BUILT_PRODUCTS_DIR; };
		2D7C7E9521EABBD9000625D0 /* AppDelegate.swift */ = {isa = PBXFileReference; lastKnownFileType = sourcecode.swift; path = AppDelegate.swift; sourceTree = "<group>"; };
		2D7C7E9721EABBD9000625D0 /* GameScene.sks */ = {isa = PBXFileReference; lastKnownFileType = file.sks; path = GameScene.sks; sourceTree = "<group>"; };
		2D7C7E9921EABBD9000625D0 /* Actions.sks */ = {isa = PBXFileReference; lastKnownFileType = file.sks; path = Actions.sks; sourceTree = "<group>"; };
		2D7C7E9B21EABBD9000625D0 /* GameScene.swift */ = {isa = PBXFileReference; lastKnownFileType = sourcecode.swift; path = GameScene.swift; sourceTree = "<group>"; };
		2D7C7E9D21EABBD9000625D0 /* GameViewController.swift */ = {isa = PBXFileReference; lastKnownFileType = sourcecode.swift; path = GameViewController.swift; sourceTree = "<group>"; };
		2D7C7EA021EABBD9000625D0 /* Base */ = {isa = PBXFileReference; lastKnownFileType = file.storyboard; name = Base; path = Base.lproj/Main.storyboard; sourceTree = "<group>"; };
		2D7C7EA221EABBDA000625D0 /* Assets.xcassets */ = {isa = PBXFileReference; lastKnownFileType = folder.assetcatalog; path = Assets.xcassets; sourceTree = "<group>"; };
		2D7C7EA521EABBDA000625D0 /* Base */ = {isa = PBXFileReference; lastKnownFileType = file.storyboard; name = Base; path = Base.lproj/LaunchScreen.storyboard; sourceTree = "<group>"; };
		2D7C7EA721EABBDA000625D0 /* Info.plist */ = {isa = PBXFileReference; lastKnownFileType = text.plist.xml; path = Info.plist; sourceTree = "<group>"; };
		2D7C7EAC21EABBDA000625D0 /* FungusToastTests.xctest */ = {isa = PBXFileReference; explicitFileType = wrapper.cfbundle; includeInIndex = 0; path = FungusToastTests.xctest; sourceTree = BUILT_PRODUCTS_DIR; };
		2D7C7EB021EABBDA000625D0 /* FungusToastTests.swift */ = {isa = PBXFileReference; lastKnownFileType = sourcecode.swift; path = FungusToastTests.swift; sourceTree = "<group>"; };
		2D7C7EB221EABBDA000625D0 /* Info.plist */ = {isa = PBXFileReference; lastKnownFileType = text.plist.xml; path = Info.plist; sourceTree = "<group>"; };
		2D7C7EB721EABBDA000625D0 /* FungusToastUITests.xctest */ = {isa = PBXFileReference; explicitFileType = wrapper.cfbundle; includeInIndex = 0; path = FungusToastUITests.xctest; sourceTree = BUILT_PRODUCTS_DIR; };
		2D7C7EBB21EABBDA000625D0 /* FungusToastUITests.swift */ = {isa = PBXFileReference; lastKnownFileType = sourcecode.swift; path = FungusToastUITests.swift; sourceTree = "<group>"; };
		2D7C7EBD21EABBDA000625D0 /* Info.plist */ = {isa = PBXFileReference; lastKnownFileType = text.plist.xml; path = Info.plist; sourceTree = "<group>"; };
/* End PBXFileReference section */

/* Begin PBXFrameworksBuildPhase section */
		2D7C7E8F21EABBD9000625D0 /* Frameworks */ = {
			isa = PBXFrameworksBuildPhase;
			buildActionMask = 2147483647;
			files = (
			);
			runOnlyForDeploymentPostprocessing = 0;
		};
		2D7C7EA921EABBDA000625D0 /* Frameworks */ = {
			isa = PBXFrameworksBuildPhase;
			buildActionMask = 2147483647;
			files = (
			);
			runOnlyForDeploymentPostprocessing = 0;
		};
		2D7C7EB421EABBDA000625D0 /* Frameworks */ = {
			isa = PBXFrameworksBuildPhase;
			buildActionMask = 2147483647;
			files = (
			);
			runOnlyForDeploymentPostprocessing = 0;
		};
/* End PBXFrameworksBuildPhase section */

/* Begin PBXGroup section */
		2D7C7E8921EABBD9000625D0 = {
			isa = PBXGroup;
			children = (
				2D7C7E9421EABBD9000625D0 /* FungusToast */,
				2D7C7EAF21EABBDA000625D0 /* FungusToastTests */,
				2D7C7EBA21EABBDA000625D0 /* FungusToastUITests */,
				2D7C7E9321EABBD9000625D0 /* Products */,
			);
			sourceTree = "<group>";
		};
		2D7C7E9321EABBD9000625D0 /* Products */ = {
			isa = PBXGroup;
			children = (
				2D7C7E9221EABBD9000625D0 /* FungusToast.app */,
				2D7C7EAC21EABBDA000625D0 /* FungusToastTests.xctest */,
				2D7C7EB721EABBDA000625D0 /* FungusToastUITests.xctest */,
			);
			name = Products;
			sourceTree = "<group>";
		};
		2D7C7E9421EABBD9000625D0 /* FungusToast */ = {
			isa = PBXGroup;
			children = (
				2D7C7E9521EABBD9000625D0 /* AppDelegate.swift */,
				2D7C7E9721EABBD9000625D0 /* GameScene.sks */,
				2D7C7E9921EABBD9000625D0 /* Actions.sks */,
				2D7C7E9B21EABBD9000625D0 /* GameScene.swift */,
				2D7C7E9D21EABBD9000625D0 /* GameViewController.swift */,
				2D7C7E9F21EABBD9000625D0 /* Main.storyboard */,
				2D7C7EA221EABBDA000625D0 /* Assets.xcassets */,
				2D7C7EA421EABBDA000625D0 /* LaunchScreen.storyboard */,
				2D7C7EA721EABBDA000625D0 /* Info.plist */,
			);
			path = FungusToast;
			sourceTree = "<group>";
		};
		2D7C7EAF21EABBDA000625D0 /* FungusToastTests */ = {
			isa = PBXGroup;
			children = (
				2D7C7EB021EABBDA000625D0 /* FungusToastTests.swift */,
				2D7C7EB221EABBDA000625D0 /* Info.plist */,
			);
			path = FungusToastTests;
			sourceTree = "<group>";
		};
		2D7C7EBA21EABBDA000625D0 /* FungusToastUITests */ = {
			isa = PBXGroup;
			children = (
				2D7C7EBB21EABBDA000625D0 /* FungusToastUITests.swift */,
				2D7C7EBD21EABBDA000625D0 /* Info.plist */,
			);
			path = FungusToastUITests;
			sourceTree = "<group>";
		};
/* End PBXGroup section */

/* Begin PBXNativeTarget section */
		2D7C7E9121EABBD9000625D0 /* FungusToast */ = {
			isa = PBXNativeTarget;
			buildConfigurationList = 2D7C7EC021EABBDA000625D0 /* Build configuration list for PBXNativeTarget "FungusToast" */;
			buildPhases = (
				2D7C7E8E21EABBD9000625D0 /* Sources */,
				2D7C7E8F21EABBD9000625D0 /* Frameworks */,
				2D7C7E9021EABBD9000625D0 /* Resources */,
			);
			buildRules = (
			);
			dependencies = (
			);
			name = FungusToast;
			productName = FungusToast;
			productReference = 2D7C7E9221EABBD9000625D0 /* FungusToast.app */;
			productType = "com.apple.product-type.application";
		};
		2D7C7EAB21EABBDA000625D0 /* FungusToastTests */ = {
			isa = PBXNativeTarget;
			buildConfigurationList = 2D7C7EC321EABBDA000625D0 /* Build configuration list for PBXNativeTarget "FungusToastTests" */;
			buildPhases = (
				2D7C7EA821EABBDA000625D0 /* Sources */,
				2D7C7EA921EABBDA000625D0 /* Frameworks */,
				2D7C7EAA21EABBDA000625D0 /* Resources */,
			);
			buildRules = (
			);
			dependencies = (
				2D7C7EAE21EABBDA000625D0 /* PBXTargetDependency */,
			);
			name = FungusToastTests;
			productName = FungusToastTests;
			productReference = 2D7C7EAC21EABBDA000625D0 /* FungusToastTests.xctest */;
			productType = "com.apple.product-type.bundle.unit-test";
		};
		2D7C7EB621EABBDA000625D0 /* FungusToastUITests */ = {
			isa = PBXNativeTarget;
			buildConfigurationList = 2D7C7EC621EABBDA000625D0 /* Build configuration list for PBXNativeTarget "FungusToastUITests" */;
			buildPhases = (
				2D7C7EB321EABBDA000625D0 /* Sources */,
				2D7C7EB421EABBDA000625D0 /* Frameworks */,
				2D7C7EB521EABBDA000625D0 /* Resources */,
			);
			buildRules = (
			);
			dependencies = (
				2D7C7EB921EABBDA000625D0 /* PBXTargetDependency */,
			);
			name = FungusToastUITests;
			productName = FungusToastUITests;
			productReference = 2D7C7EB721EABBDA000625D0 /* FungusToastUITests.xctest */;
			productType = "com.apple.product-type.bundle.ui-testing";
		};
/* End PBXNativeTarget section */

/* Begin PBXProject section */
		2D7C7E8A21EABBD9000625D0 /* Project object */ = {
			isa = PBXProject;
			attributes = {
				LastSwiftUpdateCheck = 1010;
				LastUpgradeCheck = 1010;
				ORGANIZATIONNAME = JoyfulBits;
				TargetAttributes = {
					2D7C7E9121EABBD9000625D0 = {
						CreatedOnToolsVersion = 10.1;
					};
					2D7C7EAB21EABBDA000625D0 = {
						CreatedOnToolsVersion = 10.1;
						TestTargetID = 2D7C7E9121EABBD9000625D0;
					};
					2D7C7EB621EABBDA000625D0 = {
						CreatedOnToolsVersion = 10.1;
						TestTargetID = 2D7C7E9121EABBD9000625D0;
					};
				};
			};
			buildConfigurationList = 2D7C7E8D21EABBD9000625D0 /* Build configuration list for PBXProject "FungusToast" */;
			compatibilityVersion = "Xcode 9.3";
			developmentRegion = en;
			hasScannedForEncodings = 0;
			knownRegions = (
				en,
				Base,
			);
			mainGroup = 2D7C7E8921EABBD9000625D0;
			productRefGroup = 2D7C7E9321EABBD9000625D0 /* Products */;
			projectDirPath = "";
			projectRoot = "";
			targets = (
				2D7C7E9121EABBD9000625D0 /* FungusToast */,
				2D7C7EAB21EABBDA000625D0 /* FungusToastTests */,
				2D7C7EB621EABBDA000625D0 /* FungusToastUITests */,
			);
		};
/* End PBXProject section */

/* Begin PBXResourcesBuildPhase section */
		2D7C7E9021EABBD9000625D0 /* Resources */ = {
			isa = PBXResourcesBuildPhase;
			buildActionMask = 2147483647;
			files = (
				2D7C7EA121EABBD9000625D0 /* Main.storyboard in Resources */,
				2D7C7E9821EABBD9000625D0 /* GameScene.sks in Resources */,
				2D7C7EA321EABBDA000625D0 /* Assets.xcassets in Resources */,
				2D7C7EA621EABBDA000625D0 /* LaunchScreen.storyboard in Resources */,
				2D7C7E9A21EABBD9000625D0 /* Actions.sks in Resources */,
			);
			runOnlyForDeploymentPostprocessing = 0;
		};
		2D7C7EAA21EABBDA000625D0 /* Resources */ = {
			isa = PBXResourcesBuildPhase;
			buildActionMask = 2147483647;
			files = (
			);
			runOnlyForDeploymentPostprocessing = 0;
		};
		2D7C7EB521EABBDA000625D0 /* Resources */ = {
			isa = PBXResourcesBuildPhase;
			buildActionMask = 2147483647;
			files = (
			);
			runOnlyForDeploymentPostprocessing = 0;
		};
/* End PBXResourcesBuildPhase section */

/* Begin PBXSourcesBuildPhase section */
		2D7C7E8E21EABBD9000625D0 /* Sources */ = {
			isa = PBXSourcesBuildPhase;
			buildActionMask = 2147483647;
			files = (
				2D7C7E9C21EABBD9000625D0 /* GameScene.swift in Sources */,
				2D7C7E9E21EABBD9000625D0 /* GameViewController.swift in Sources */,
				2D7C7E9621EABBD9000625D0 /* AppDelegate.swift in Sources */,
			);
			runOnlyForDeploymentPostprocessing = 0;
		};
		2D7C7EA821EABBDA000625D0 /* Sources */ = {
			isa = PBXSourcesBuildPhase;
			buildActionMask = 2147483647;
			files = (
				2D7C7EB121EABBDA000625D0 /* FungusToastTests.swift in Sources */,
			);
			runOnlyForDeploymentPostprocessing = 0;
		};
		2D7C7EB321EABBDA000625D0 /* Sources */ = {
			isa = PBXSourcesBuildPhase;
			buildActionMask = 2147483647;
			files = (
				2D7C7EBC21EABBDA000625D0 /* FungusToastUITests.swift in Sources */,
			);
			runOnlyForDeploymentPostprocessing = 0;
		};
/* End PBXSourcesBuildPhase section */

/* Begin PBXTargetDependency section */
		2D7C7EAE21EABBDA000625D0 /* PBXTargetDependency */ = {
			isa = PBXTargetDependency;
			target = 2D7C7E9121EABBD9000625D0 /* FungusToast */;
			targetProxy = 2D7C7EAD21EABBDA000625D0 /* PBXContainerItemProxy */;
		};
		2D7C7EB921EABBDA000625D0 /* PBXTargetDependency */ = {
			isa = PBXTargetDependency;
			target = 2D7C7E9121EABBD9000625D0 /* FungusToast */;
			targetProxy = 2D7C7EB821EABBDA000625D0 /* PBXContainerItemProxy */;
		};
/* End PBXTargetDependency section */

/* Begin PBXVariantGroup section */
		2D7C7E9F21EABBD9000625D0 /* Main.storyboard */ = {
			isa = PBXVariantGroup;
			children = (
				2D7C7EA021EABBD9000625D0 /* Base */,
			);
			name = Main.storyboard;
			sourceTree = "<group>";
		};
		2D7C7EA421EABBDA000625D0 /* LaunchScreen.storyboard */ = {
			isa = PBXVariantGroup;
			children = (
				2D7C7EA521EABBDA000625D0 /* Base */,
			);
			name = LaunchScreen.storyboard;
			sourceTree = "<group>";
		};
/* End PBXVariantGroup section */

/* Begin XCBuildConfiguration section */
		2D7C7EBE21EABBDA000625D0 /* Debug */ = {
			isa = XCBuildConfiguration;
			buildSettings = {
				ALWAYS_SEARCH_USER_PATHS = NO;
				CLANG_ANALYZER_NONNULL = YES;
				CLANG_ANALYZER_NUMBER_OBJECT_CONVERSION = YES_AGGRESSIVE;
				CLANG_CXX_LANGUAGE_STANDARD = "gnu++14";
				CLANG_CXX_LIBRARY = "libc++";
				CLANG_ENABLE_MODULES = YES;
				CLANG_ENABLE_OBJC_ARC = YES;
				CLANG_ENABLE_OBJC_WEAK = YES;
				CLANG_WARN_BLOCK_CAPTURE_AUTORELEASING = YES;
				CLANG_WARN_BOOL_CONVERSION = YES;
				CLANG_WARN_COMMA = YES;
				CLANG_WARN_CONSTANT_CONVERSION = YES;
				CLANG_WARN_DEPRECATED_OBJC_IMPLEMENTATIONS = YES;
				CLANG_WARN_DIRECT_OBJC_ISA_USAGE = YES_ERROR;
				CLANG_WARN_DOCUMENTATION_COMMENTS = YES;
				CLANG_WARN_EMPTY_BODY = YES;
				CLANG_WARN_ENUM_CONVERSION = YES;
				CLANG_WARN_INFINITE_RECURSION = YES;
				CLANG_WARN_INT_CONVERSION = YES;
				CLANG_WARN_NON_LITERAL_NULL_CONVERSION = YES;
				CLANG_WARN_OBJC_IMPLICIT_RETAIN_SELF = YES;
				CLANG_WARN_OBJC_LITERAL_CONVERSION = YES;
				CLANG_WARN_OBJC_ROOT_CLASS = YES_ERROR;
				CLANG_WARN_RANGE_LOOP_ANALYSIS = YES;
				CLANG_WARN_STRICT_PROTOTYPES = YES;
				CLANG_WARN_SUSPICIOUS_MOVE = YES;
				CLANG_WARN_UNGUARDED_AVAILABILITY = YES_AGGRESSIVE;
				CLANG_WARN_UNREACHABLE_CODE = YES;
				CLANG_WARN__DUPLICATE_METHOD_MATCH = YES;
				CODE_SIGN_IDENTITY = "iPhone Developer";
				COPY_PHASE_STRIP = NO;
				DEBUG_INFORMATION_FORMAT = dwarf;
				ENABLE_STRICT_OBJC_MSGSEND = YES;
				ENABLE_TESTABILITY = YES;
				GCC_C_LANGUAGE_STANDARD = gnu11;
				GCC_DYNAMIC_NO_PIC = NO;
				GCC_NO_COMMON_BLOCKS = YES;
				GCC_OPTIMIZATION_LEVEL = 0;
				GCC_PREPROCESSOR_DEFINITIONS = (
					"DEBUG=1",
					"$(inherited)",
				);
				GCC_WARN_64_TO_32_BIT_CONVERSION = YES;
				GCC_WARN_ABOUT_RETURN_TYPE = YES_ERROR;
				GCC_WARN_UNDECLARED_SELECTOR = YES;
				GCC_WARN_UNINITIALIZED_AUTOS = YES_AGGRESSIVE;
				GCC_WARN_UNUSED_FUNCTION = YES;
				GCC_WARN_UNUSED_VARIABLE = YES;
				IPHONEOS_DEPLOYMENT_TARGET = 12.1;
				MTL_ENABLE_DEBUG_INFO = INCLUDE_SOURCE;
				MTL_FAST_MATH = YES;
				ONLY_ACTIVE_ARCH = YES;
				SDKROOT = iphoneos;
				SWIFT_ACTIVE_COMPILATION_CONDITIONS = DEBUG;
				SWIFT_OPTIMIZATION_LEVEL = "-Onone";
			};
			name = Debug;
		};
		2D7C7EBF21EABBDA000625D0 /* Release */ = {
			isa = XCBuildConfiguration;
			buildSettings = {
				ALWAYS_SEARCH_USER_PATHS = NO;
				CLANG_ANALYZER_NONNULL = YES;
				CLANG_ANALYZER_NUMBER_OBJECT_CONVERSION = YES_AGGRESSIVE;
				CLANG_CXX_LANGUAGE_STANDARD = "gnu++14";
				CLANG_CXX_LIBRARY = "libc++";
				CLANG_ENABLE_MODULES = YES;
				CLANG_ENABLE_OBJC_ARC = YES;
				CLANG_ENABLE_OBJC_WEAK = YES;
				CLANG_WARN_BLOCK_CAPTURE_AUTORELEASING = YES;
				CLANG_WARN_BOOL_CONVERSION = YES;
				CLANG_WARN_COMMA = YES;
				CLANG_WARN_CONSTANT_CONVERSION = YES;
				CLANG_WARN_DEPRECATED_OBJC_IMPLEMENTATIONS = YES;
				CLANG_WARN_DIRECT_OBJC_ISA_USAGE = YES_ERROR;
				CLANG_WARN_DOCUMENTATION_COMMENTS = YES;
				CLANG_WARN_EMPTY_BODY = YES;
				CLANG_WARN_ENUM_CONVERSION = YES;
				CLANG_WARN_INFINITE_RECURSION = YES;
				CLANG_WARN_INT_CONVERSION = YES;
				CLANG_WARN_NON_LITERAL_NULL_CONVERSION = YES;
				CLANG_WARN_OBJC_IMPLICIT_RETAIN_SELF = YES;
				CLANG_WARN_OBJC_LITERAL_CONVERSION = YES;
				CLANG_WARN_OBJC_ROOT_CLASS = YES_ERROR;
				CLANG_WARN_RANGE_LOOP_ANALYSIS = YES;
				CLANG_WARN_STRICT_PROTOTYPES = YES;
				CLANG_WARN_SUSPICIOUS_MOVE = YES;
				CLANG_WARN_UNGUARDED_AVAILABILITY = YES_AGGRESSIVE;
				CLANG_WARN_UNREACHABLE_CODE = YES;
				CLANG_WARN__DUPLICATE_METHOD_MATCH = YES;
				CODE_SIGN_IDENTITY = "iPhone Developer";
				COPY_PHASE_STRIP = NO;
				DEBUG_INFORMATION_FORMAT = "dwarf-with-dsym";
				ENABLE_NS_ASSERTIONS = NO;
				ENABLE_STRICT_OBJC_MSGSEND = YES;
				GCC_C_LANGUAGE_STANDARD = gnu11;
				GCC_NO_COMMON_BLOCKS = YES;
				GCC_WARN_64_TO_32_BIT_CONVERSION = YES;
				GCC_WARN_ABOUT_RETURN_TYPE = YES_ERROR;
				GCC_WARN_UNDECLARED_SELECTOR = YES;
				GCC_WARN_UNINITIALIZED_AUTOS = YES_AGGRESSIVE;
				GCC_WARN_UNUSED_FUNCTION = YES;
				GCC_WARN_UNUSED_VARIABLE = YES;
				IPHONEOS_DEPLOYMENT_TARGET = 12.1;
				MTL_ENABLE_DEBUG_INFO = NO;
				MTL_FAST_MATH = YES;
				SDKROOT = iphoneos;
				SWIFT_COMPILATION_MODE = wholemodule;
				SWIFT_OPTIMIZATION_LEVEL = "-O";
				VALIDATE_PRODUCT = YES;
			};
			name = Release;
		};
		2D7C7EC121EABBDA000625D0 /* Debug */ = {
			isa = XCBuildConfiguration;
			buildSettings = {
				ASSETCATALOG_COMPILER_APPICON_NAME = AppIcon;
				CODE_SIGN_STYLE = Automatic;
				DEVELOPMENT_TEAM = "";
				INFOPLIST_FILE = FungusToast/Info.plist;
				LD_RUNPATH_SEARCH_PATHS = (
					"$(inherited)",
					"@executable_path/Frameworks",
				);
				PRODUCT_BUNDLE_IDENTIFIER = com.madewithjoyfulbits.FungusToast;
				PRODUCT_NAME = "$(TARGET_NAME)";
				SWIFT_VERSION = 4.2;
				TARGETED_DEVICE_FAMILY = "1,2";
			};
			name = Debug;
		};
		2D7C7EC221EABBDA000625D0 /* Release */ = {
			isa = XCBuildConfiguration;
			buildSettings = {
				ASSETCATALOG_COMPILER_APPICON_NAME = AppIcon;
				CODE_SIGN_STYLE = Automatic;
				DEVELOPMENT_TEAM = "";
				INFOPLIST_FILE = FungusToast/Info.plist;
				LD_RUNPATH_SEARCH_PATHS = (
					"$(inherited)",
					"@executable_path/Frameworks",
				);
				PRODUCT_BUNDLE_IDENTIFIER = com.madewithjoyfulbits.FungusToast;
				PRODUCT_NAME = "$(TARGET_NAME)";
				SWIFT_VERSION = 4.2;
				TARGETED_DEVICE_FAMILY = "1,2";
			};
			name = Release;
		};
		2D7C7EC421EABBDA000625D0 /* Debug */ = {
			isa = XCBuildConfiguration;
			buildSettings = {
				ALWAYS_EMBED_SWIFT_STANDARD_LIBRARIES = YES;
				BUNDLE_LOADER = "$(TEST_HOST)";
				CODE_SIGN_STYLE = Automatic;
				INFOPLIST_FILE = FungusToastTests/Info.plist;
				LD_RUNPATH_SEARCH_PATHS = (
					"$(inherited)",
					"@executable_path/Frameworks",
					"@loader_path/Frameworks",
				);
				PRODUCT_BUNDLE_IDENTIFIER = com.madewithjoyfulbits.FungusToastTests;
				PRODUCT_NAME = "$(TARGET_NAME)";
				SWIFT_VERSION = 4.2;
				TARGETED_DEVICE_FAMILY = "1,2";
				TEST_HOST = "$(BUILT_PRODUCTS_DIR)/FungusToast.app/FungusToast";
			};
			name = Debug;
		};
		2D7C7EC521EABBDA000625D0 /* Release */ = {
			isa = XCBuildConfiguration;
			buildSettings = {
				ALWAYS_EMBED_SWIFT_STANDARD_LIBRARIES = YES;
				BUNDLE_LOADER = "$(TEST_HOST)";
				CODE_SIGN_STYLE = Automatic;
				INFOPLIST_FILE = FungusToastTests/Info.plist;
				LD_RUNPATH_SEARCH_PATHS = (
					"$(inherited)",
					"@executable_path/Frameworks",
					"@loader_path/Frameworks",
				);
				PRODUCT_BUNDLE_IDENTIFIER = com.madewithjoyfulbits.FungusToastTests;
				PRODUCT_NAME = "$(TARGET_NAME)";
				SWIFT_VERSION = 4.2;
				TARGETED_DEVICE_FAMILY = "1,2";
				TEST_HOST = "$(BUILT_PRODUCTS_DIR)/FungusToast.app/FungusToast";
			};
			name = Release;
		};
		2D7C7EC721EABBDA000625D0 /* Debug */ = {
			isa = XCBuildConfiguration;
			buildSettings = {
				ALWAYS_EMBED_SWIFT_STANDARD_LIBRARIES = YES;
				CODE_SIGN_STYLE = Automatic;
				INFOPLIST_FILE = FungusToastUITests/Info.plist;
				LD_RUNPATH_SEARCH_PATHS = (
					"$(inherited)",
					"@executable_path/Frameworks",
					"@loader_path/Frameworks",
				);
				PRODUCT_BUNDLE_IDENTIFIER = com.madewithjoyfulbits.FungusToastUITests;
				PRODUCT_NAME = "$(TARGET_NAME)";
				SWIFT_VERSION = 4.2;
				TARGETED_DEVICE_FAMILY = "1,2";
				TEST_TARGET_NAME = FungusToast;
			};
			name = Debug;
		};
		2D7C7EC821EABBDA000625D0 /* Release */ = {
			isa = XCBuildConfiguration;
			buildSettings = {
				ALWAYS_EMBED_SWIFT_STANDARD_LIBRARIES = YES;
				CODE_SIGN_STYLE = Automatic;
				INFOPLIST_FILE = FungusToastUITests/Info.plist;
				LD_RUNPATH_SEARCH_PATHS = (
					"$(inherited)",
					"@executable_path/Frameworks",
					"@loader_path/Frameworks",
				);
				PRODUCT_BUNDLE_IDENTIFIER = com.madewithjoyfulbits.FungusToastUITests;
				PRODUCT_NAME = "$(TARGET_NAME)";
				SWIFT_VERSION = 4.2;
				TARGETED_DEVICE_FAMILY = "1,2";
				TEST_TARGET_NAME = FungusToast;
			};
			name = Release;
		};
/* End XCBuildConfiguration section */

/* Begin XCConfigurationList section */
		2D7C7E8D21EABBD9000625D0 /* Build configuration list for PBXProject "FungusToast" */ = {
			isa = XCConfigurationList;
			buildConfigurations = (
				2D7C7EBE21EABBDA000625D0 /* Debug */,
				2D7C7EBF21EABBDA000625D0 /* Release */,
			);
			defaultConfigurationIsVisible = 0;
			defaultConfigurationName = Release;
		};
		2D7C7EC021EABBDA000625D0 /* Build configuration list for PBXNativeTarget "FungusToast" */ = {
			isa = XCConfigurationList;
			buildConfigurations = (
				2D7C7EC121EABBDA000625D0 /* Debug */,
				2D7C7EC221EABBDA000625D0 /* Release */,
			);
			defaultConfigurationIsVisible = 0;
			defaultConfigurationName = Release;
		};
		2D7C7EC321EABBDA000625D0 /* Build configuration list for PBXNativeTarget "FungusToastTests" */ = {
			isa = XCConfigurationList;
			buildConfigurations = (
				2D7C7EC421EABBDA000625D0 /* Debug */,
				2D7C7EC521EABBDA000625D0 /* Release */,
			);
			defaultConfigurationIsVisible = 0;
			defaultConfigurationName = Release;
		};
		2D7C7EC621EABBDA000625D0 /* Build configuration list for PBXNativeTarget "FungusToastUITests" */ = {
			isa = XCConfigurationList;
			buildConfigurations = (
				2D7C7EC721EABBDA000625D0 /* Debug */,
				2D7C7EC821EABBDA000625D0 /* Release */,
			);
			defaultConfigurationIsVisible = 0;
			defaultConfigurationName = Release;
		};
/* End XCConfigurationList section */
	};
	rootObject = 2D7C7E8A21EABBD9000625D0 /* Project object */;
}
